// !$*UTF8*$!
{
	archiveVersion = 1;
	classes = {
	};
	objectVersion = 46;
	objects = {

/* Begin PBXBuildFile section */
		C0327D9C1CEC05FA0014E382 /* bar_background_750x1350.png in Resources */ = {isa = PBXBuildFile; fileRef = C0327D9B1CEC05FA0014E382 /* bar_background_750x1350.png */; };
		C0327D9E1CEC06000014E382 /* dallas_skyline.jpeg in Resources */ = {isa = PBXBuildFile; fileRef = C0327D9D1CEC06000014E382 /* dallas_skyline.jpeg */; };
		C4798CE22AAD78090A37D178 /* Pods_Moon.framework in Frameworks */ = {isa = PBXBuildFile; fileRef = 806581BF23DE4DF8B2118160 /* Pods_Moon.framework */; };
		F002786E1CE7715D00DECEC0 /* (null) in Sources */ = {isa = PBXBuildFile; };
		F002D4D71CCABCA9002552DD /* BarProfileViewController.swift in Sources */ = {isa = PBXBuildFile; fileRef = F002D4D61CCABCA9002552DD /* BarProfileViewController.swift */; };
		F0047E851CDBBE6200B37DB4 /* BarActivityTableViewCell.swift in Sources */ = {isa = PBXBuildFile; fileRef = F0047E841CDBBE6200B37DB4 /* BarActivityTableViewCell.swift */; };
		F0047E871CDBD47200B37DB4 /* BarFeedTableViewController.swift in Sources */ = {isa = PBXBuildFile; fileRef = F0047E861CDBD47200B37DB4 /* BarFeedTableViewController.swift */; };
		F014BBE01CAC7CBB00BCBEC2 /* AppDelegate.swift in Sources */ = {isa = PBXBuildFile; fileRef = F014BBDF1CAC7CBB00BCBEC2 /* AppDelegate.swift */; };
		F014BBE51CAC7CBC00BCBEC2 /* Main.storyboard in Resources */ = {isa = PBXBuildFile; fileRef = F014BBE31CAC7CBC00BCBEC2 /* Main.storyboard */; };
		F014BBE71CAC7CBC00BCBEC2 /* Assets.xcassets in Resources */ = {isa = PBXBuildFile; fileRef = F014BBE61CAC7CBC00BCBEC2 /* Assets.xcassets */; };
		F014BBEA1CAC7CBC00BCBEC2 /* LaunchScreen.storyboard in Resources */ = {isa = PBXBuildFile; fileRef = F014BBE81CAC7CBC00BCBEC2 /* LaunchScreen.storyboard */; };
		F014BBF31CAC852200BCBEC2 /* BaseService.swift in Sources */ = {isa = PBXBuildFile; fileRef = F014BBF21CAC852200BCBEC2 /* BaseService.swift */; };
		F014BBF51CAC8BAE00BCBEC2 /* LogInViewController.swift in Sources */ = {isa = PBXBuildFile; fileRef = F014BBF41CAC8BAE00BCBEC2 /* LogInViewController.swift */; };
		F014BBF71CAC8BBC00BCBEC2 /* CreateAccountViewController.swift in Sources */ = {isa = PBXBuildFile; fileRef = F014BBF61CAC8BBC00BCBEC2 /* CreateAccountViewController.swift */; };
		F01779401CEC06E5008FA5A5 /* FriendRequestTableViewCell.swift in Sources */ = {isa = PBXBuildFile; fileRef = F017793F1CEC06E5008FA5A5 /* FriendRequestTableViewCell.swift */; };
		F02639FC1CC8451F00C2A9FF /* SearchTableViewController.swift in Sources */ = {isa = PBXBuildFile; fileRef = F02639FB1CC8451F00C2A9FF /* SearchTableViewController.swift */; };
		F055CEDC1CC9973C009D798A /* UserProfileViewController.swift in Sources */ = {isa = PBXBuildFile; fileRef = F055CEDB1CC9973C009D798A /* UserProfileViewController.swift */; };
		F05A8B821CCA806A00995111 /* BarSearchViewController.swift in Sources */ = {isa = PBXBuildFile; fileRef = F05A8B811CCA806A00995111 /* BarSearchViewController.swift */; };
		F06C32F61CC8115700F0A90C /* FriendsTableViewController.swift in Sources */ = {isa = PBXBuildFile; fileRef = F06C32F51CC8115700F0A90C /* FriendsTableViewController.swift */; };
		F07C65691CC9C298002517B5 /* MapViewController.swift in Sources */ = {isa = PBXBuildFile; fileRef = F07C65681CC9C298002517B5 /* MapViewController.swift */; };
		F0934E1C1CDE194700E9F51D /* AppleMapViewController.swift in Sources */ = {isa = PBXBuildFile; fileRef = F0934E1B1CDE194700E9F51D /* AppleMapViewController.swift */; };
		F0934E1E1CDE1AFD00E9F51D /* BarAnnotation.swift in Sources */ = {isa = PBXBuildFile; fileRef = F0934E1D1CDE1AFD00E9F51D /* BarAnnotation.swift */; };
		F09E5C381CC5641D00474096 /* UserSettingsViewController.swift in Sources */ = {isa = PBXBuildFile; fileRef = F09E5C371CC5641D00474096 /* UserSettingsViewController.swift */; };
		F09E5C3C1CC5931E00474096 /* ProfileViewController.swift in Sources */ = {isa = PBXBuildFile; fileRef = F09E5C3B1CC5931E00474096 /* ProfileViewController.swift */; };
		F0B8D1D61CF5414A007D6648 /* avenu-dallas.jpg in Resources */ = {isa = PBXBuildFile; fileRef = F0B8D1D51CF5414A007D6648 /* avenu-dallas.jpg */; };
		F0B8D1DA1CF54159007D6648 /* iCarousel.m in Sources */ = {isa = PBXBuildFile; fileRef = F0B8D1D91CF54159007D6648 /* iCarousel.m */; };
		F0FDD9631CF72B9800E9DF8C /* DatePickerDialog.swift in Sources */ = {isa = PBXBuildFile; fileRef = F0FDD9621CF72B9800E9DF8C /* DatePickerDialog.swift */; };
/* End PBXBuildFile section */

/* Begin PBXFileReference section */
		784D6390B1FEF0320A2E2857 /* Pods-Moon.debug.xcconfig */ = {isa = PBXFileReference; includeInIndex = 1; lastKnownFileType = text.xcconfig; name = "Pods-Moon.debug.xcconfig"; path = "Pods/Target Support Files/Pods-Moon/Pods-Moon.debug.xcconfig"; sourceTree = "<group>"; };
		806581BF23DE4DF8B2118160 /* Pods_Moon.framework */ = {isa = PBXFileReference; explicitFileType = wrapper.framework; includeInIndex = 0; path = Pods_Moon.framework; sourceTree = BUILT_PRODUCTS_DIR; };
		8594EE623BFE0094FBAC5A7D /* Pods-Moon.release.xcconfig */ = {isa = PBXFileReference; includeInIndex = 1; lastKnownFileType = text.xcconfig; name = "Pods-Moon.release.xcconfig"; path = "Pods/Target Support Files/Pods-Moon/Pods-Moon.release.xcconfig"; sourceTree = "<group>"; };
		C0327D9B1CEC05FA0014E382 /* bar_background_750x1350.png */ = {isa = PBXFileReference; lastKnownFileType = image.png; path = bar_background_750x1350.png; sourceTree = "<group>"; };
		C0327D9D1CEC06000014E382 /* dallas_skyline.jpeg */ = {isa = PBXFileReference; lastKnownFileType = image.jpeg; path = dallas_skyline.jpeg; sourceTree = "<group>"; };
		F002D4D61CCABCA9002552DD /* BarProfileViewController.swift */ = {isa = PBXFileReference; fileEncoding = 4; lastKnownFileType = sourcecode.swift; path = BarProfileViewController.swift; sourceTree = "<group>"; };
		F0047E841CDBBE6200B37DB4 /* BarActivityTableViewCell.swift */ = {isa = PBXFileReference; fileEncoding = 4; lastKnownFileType = sourcecode.swift; path = BarActivityTableViewCell.swift; sourceTree = "<group>"; };
		F0047E861CDBD47200B37DB4 /* BarFeedTableViewController.swift */ = {isa = PBXFileReference; fileEncoding = 4; lastKnownFileType = sourcecode.swift; path = BarFeedTableViewController.swift; sourceTree = "<group>"; };
		F014BBDC1CAC7CBB00BCBEC2 /* Moon.app */ = {isa = PBXFileReference; explicitFileType = wrapper.application; includeInIndex = 0; path = Moon.app; sourceTree = BUILT_PRODUCTS_DIR; };
		F014BBDF1CAC7CBB00BCBEC2 /* AppDelegate.swift */ = {isa = PBXFileReference; lastKnownFileType = sourcecode.swift; path = AppDelegate.swift; sourceTree = "<group>"; };
		F014BBE41CAC7CBC00BCBEC2 /* Base */ = {isa = PBXFileReference; lastKnownFileType = file.storyboard; name = Base; path = Base.lproj/Main.storyboard; sourceTree = "<group>"; };
		F014BBE61CAC7CBC00BCBEC2 /* Assets.xcassets */ = {isa = PBXFileReference; lastKnownFileType = folder.assetcatalog; path = Assets.xcassets; sourceTree = "<group>"; };
		F014BBE91CAC7CBC00BCBEC2 /* Base */ = {isa = PBXFileReference; lastKnownFileType = file.storyboard; name = Base; path = Base.lproj/LaunchScreen.storyboard; sourceTree = "<group>"; };
		F014BBEB1CAC7CBC00BCBEC2 /* Info.plist */ = {isa = PBXFileReference; lastKnownFileType = text.plist.xml; path = Info.plist; sourceTree = "<group>"; };
		F014BBF21CAC852200BCBEC2 /* BaseService.swift */ = {isa = PBXFileReference; fileEncoding = 4; lastKnownFileType = sourcecode.swift; path = BaseService.swift; sourceTree = "<group>"; };
		F014BBF41CAC8BAE00BCBEC2 /* LogInViewController.swift */ = {isa = PBXFileReference; fileEncoding = 4; lastKnownFileType = sourcecode.swift; path = LogInViewController.swift; sourceTree = "<group>"; };
		F014BBF61CAC8BBC00BCBEC2 /* CreateAccountViewController.swift */ = {isa = PBXFileReference; fileEncoding = 4; lastKnownFileType = sourcecode.swift; path = CreateAccountViewController.swift; sourceTree = "<group>"; };
		F017793F1CEC06E5008FA5A5 /* FriendRequestTableViewCell.swift */ = {isa = PBXFileReference; fileEncoding = 4; lastKnownFileType = sourcecode.swift; path = FriendRequestTableViewCell.swift; sourceTree = "<group>"; };
		F02639FB1CC8451F00C2A9FF /* SearchTableViewController.swift */ = {isa = PBXFileReference; fileEncoding = 4; lastKnownFileType = sourcecode.swift; path = SearchTableViewController.swift; sourceTree = "<group>"; };
		F055CEDB1CC9973C009D798A /* UserProfileViewController.swift */ = {isa = PBXFileReference; fileEncoding = 4; lastKnownFileType = sourcecode.swift; path = UserProfileViewController.swift; sourceTree = "<group>"; };
		F05911171CE63C6000C80AA5 /* TestLocations.gpx */ = {isa = PBXFileReference; fileEncoding = 4; lastKnownFileType = text; path = TestLocations.gpx; sourceTree = "<group>"; };
		F05911191CE64C7E00C80AA5 /* notbigeasy.gpx */ = {isa = PBXFileReference; fileEncoding = 4; lastKnownFileType = text; path = notbigeasy.gpx; sourceTree = "<group>"; };
		F05A8B811CCA806A00995111 /* BarSearchViewController.swift */ = {isa = PBXFileReference; fileEncoding = 4; lastKnownFileType = sourcecode.swift; path = BarSearchViewController.swift; sourceTree = "<group>"; };
		F06C32F51CC8115700F0A90C /* FriendsTableViewController.swift */ = {isa = PBXFileReference; fileEncoding = 4; lastKnownFileType = sourcecode.swift; path = FriendsTableViewController.swift; sourceTree = "<group>"; };
		F07C65681CC9C298002517B5 /* MapViewController.swift */ = {isa = PBXFileReference; fileEncoding = 4; lastKnownFileType = sourcecode.swift; path = MapViewController.swift; sourceTree = "<group>"; };
		F0934E1B1CDE194700E9F51D /* AppleMapViewController.swift */ = {isa = PBXFileReference; fileEncoding = 4; lastKnownFileType = sourcecode.swift; path = AppleMapViewController.swift; sourceTree = "<group>"; };
		F0934E1D1CDE1AFD00E9F51D /* BarAnnotation.swift */ = {isa = PBXFileReference; fileEncoding = 4; lastKnownFileType = sourcecode.swift; path = BarAnnotation.swift; sourceTree = "<group>"; };
		F09E5C371CC5641D00474096 /* UserSettingsViewController.swift */ = {isa = PBXFileReference; fileEncoding = 4; lastKnownFileType = sourcecode.swift; path = UserSettingsViewController.swift; sourceTree = "<group>"; };
		F09E5C3B1CC5931E00474096 /* ProfileViewController.swift */ = {isa = PBXFileReference; fileEncoding = 4; lastKnownFileType = sourcecode.swift; path = ProfileViewController.swift; sourceTree = "<group>"; };
		F0B8D1D51CF5414A007D6648 /* avenu-dallas.jpg */ = {isa = PBXFileReference; lastKnownFileType = image.jpeg; path = "avenu-dallas.jpg"; sourceTree = "<group>"; };
		F0B8D1D71CF54159007D6648 /* iCarousel-Bridging-Header.h */ = {isa = PBXFileReference; fileEncoding = 4; lastKnownFileType = sourcecode.c.h; path = "iCarousel-Bridging-Header.h"; sourceTree = "<group>"; };
		F0B8D1D81CF54159007D6648 /* iCarousel.h */ = {isa = PBXFileReference; fileEncoding = 4; lastKnownFileType = sourcecode.c.h; path = iCarousel.h; sourceTree = "<group>"; };
		F0B8D1D91CF54159007D6648 /* iCarousel.m */ = {isa = PBXFileReference; fileEncoding = 4; lastKnownFileType = sourcecode.c.objc; path = iCarousel.m; sourceTree = "<group>"; };
		F0FDD9621CF72B9800E9DF8C /* DatePickerDialog.swift */ = {isa = PBXFileReference; fileEncoding = 4; lastKnownFileType = sourcecode.swift; path = DatePickerDialog.swift; sourceTree = "<group>"; };
/* End PBXFileReference section */

/* Begin PBXFrameworksBuildPhase section */
		F014BBD91CAC7CBB00BCBEC2 /* Frameworks */ = {
			isa = PBXFrameworksBuildPhase;
			buildActionMask = 2147483647;
			files = (
				C4798CE22AAD78090A37D178 /* Pods_Moon.framework in Frameworks */,
			);
			runOnlyForDeploymentPostprocessing = 0;
		};
/* End PBXFrameworksBuildPhase section */

/* Begin PBXGroup section */
		156BE1EB2231919D400A588B /* Pods */ = {
			isa = PBXGroup;
			children = (
				784D6390B1FEF0320A2E2857 /* Pods-Moon.debug.xcconfig */,
				8594EE623BFE0094FBAC5A7D /* Pods-Moon.release.xcconfig */,
			);
			name = Pods;
			sourceTree = "<group>";
		};
		A26E3EC8585C5DDBB2EB905E /* Frameworks */ = {
			isa = PBXGroup;
			children = (
				806581BF23DE4DF8B2118160 /* Pods_Moon.framework */,
			);
			name = Frameworks;
			sourceTree = "<group>";
		};
		C00EFF521CF42C16009F59B5 /* iCarousel */ = {
			isa = PBXGroup;
			children = (
				F0B8D1D71CF54159007D6648 /* iCarousel-Bridging-Header.h */,
				F0B8D1D81CF54159007D6648 /* iCarousel.h */,
				F0B8D1D91CF54159007D6648 /* iCarousel.m */,
			);
			name = iCarousel;
			sourceTree = "<group>";
		};
		C0515CF91CEABD060081B8AD /* Images */ = {
			isa = PBXGroup;
			children = (
				F0B8D1D51CF5414A007D6648 /* avenu-dallas.jpg */,
				C0327D9B1CEC05FA0014E382 /* bar_background_750x1350.png */,
				C0327D9D1CEC06000014E382 /* dallas_skyline.jpeg */,
			);
			name = Images;
			sourceTree = "<group>";
		};
		F0047E831CDBAF6200B37DB4 /* Activity Tab */ = {
			isa = PBXGroup;
			children = (
				F0047E861CDBD47200B37DB4 /* BarFeedTableViewController.swift */,
				F0047E841CDBBE6200B37DB4 /* BarActivityTableViewCell.swift */,
			);
			name = "Activity Tab";
			sourceTree = "<group>";
		};
		F014BBD31CAC7CBB00BCBEC2 = {
			isa = PBXGroup;
			children = (
				F014BBDE1CAC7CBB00BCBEC2 /* Moon */,
				F014BBDD1CAC7CBB00BCBEC2 /* Products */,
				156BE1EB2231919D400A588B /* Pods */,
				A26E3EC8585C5DDBB2EB905E /* Frameworks */,
			);
			sourceTree = "<group>";
		};
		F014BBDD1CAC7CBB00BCBEC2 /* Products */ = {
			isa = PBXGroup;
			children = (
				F014BBDC1CAC7CBB00BCBEC2 /* Moon.app */,
			);
			name = Products;
			sourceTree = "<group>";
		};
		F014BBDE1CAC7CBB00BCBEC2 /* Moon */ = {
			isa = PBXGroup;
			children = (
				F014BBE31CAC7CBC00BCBEC2 /* Main.storyboard */,
				F014BBF21CAC852200BCBEC2 /* BaseService.swift */,
				F05911171CE63C6000C80AA5 /* TestLocations.gpx */,
				F05911191CE64C7E00C80AA5 /* notbigeasy.gpx */,
				F014BBF41CAC8BAE00BCBEC2 /* LogInViewController.swift */,
				F014BBF61CAC8BBC00BCBEC2 /* CreateAccountViewController.swift */,
				C00EFF521CF42C16009F59B5 /* iCarousel */,
				F0E792FE1CD1902400C25F56 /* Profile Tab */,
				F0E793011CD1910C00C25F56 /* Map Tab */,
				F0047E831CDBAF6200B37DB4 /* Activity Tab */,
				F0E793001CD190DD00C25F56 /* Specials Tab */,
				F0E792FF1CD190AC00C25F56 /* User Search Tab */,
				F014BBF11CAC7D3200BCBEC2 /* Supporting Files */,
				C0515CF91CEABD060081B8AD /* Images */,
				F0C687841CE3712600944D1E /* Junk */,
			);
			path = Moon;
			sourceTree = "<group>";
		};
		F014BBF11CAC7D3200BCBEC2 /* Supporting Files */ = {
			isa = PBXGroup;
			children = (
				F0FDD9621CF72B9800E9DF8C /* DatePickerDialog.swift */,
				F014BBEB1CAC7CBC00BCBEC2 /* Info.plist */,
				F014BBDF1CAC7CBB00BCBEC2 /* AppDelegate.swift */,
				F014BBE61CAC7CBC00BCBEC2 /* Assets.xcassets */,
				F014BBE81CAC7CBC00BCBEC2 /* LaunchScreen.storyboard */,
			);
			name = "Supporting Files";
			sourceTree = "<group>";
		};
		F0C687841CE3712600944D1E /* Junk */ = {
			isa = PBXGroup;
			children = (
				F07C65681CC9C298002517B5 /* MapViewController.swift */,
			);
			name = Junk;
			sourceTree = "<group>";
		};
		F0E792FE1CD1902400C25F56 /* Profile Tab */ = {
			isa = PBXGroup;
			children = (
				F09E5C3B1CC5931E00474096 /* ProfileViewController.swift */,
				F09E5C371CC5641D00474096 /* UserSettingsViewController.swift */,
				F06C32F51CC8115700F0A90C /* FriendsTableViewController.swift */,
			);
			name = "Profile Tab";
			sourceTree = "<group>";
		};
		F0E792FF1CD190AC00C25F56 /* User Search Tab */ = {
			isa = PBXGroup;
			children = (
				F02639FB1CC8451F00C2A9FF /* SearchTableViewController.swift */,
				F017793F1CEC06E5008FA5A5 /* FriendRequestTableViewCell.swift */,
				F055CEDB1CC9973C009D798A /* UserProfileViewController.swift */,
			);
			name = "User Search Tab";
			sourceTree = "<group>";
		};
		F0E793001CD190DD00C25F56 /* Specials Tab */ = {
			isa = PBXGroup;
			children = (
				F05A8B811CCA806A00995111 /* BarSearchViewController.swift */,
				F002D4D61CCABCA9002552DD /* BarProfileViewController.swift */,
			);
			name = "Specials Tab";
			sourceTree = "<group>";
		};
		F0E793011CD1910C00C25F56 /* Map Tab */ = {
			isa = PBXGroup;
			children = (
				F0934E1D1CDE1AFD00E9F51D /* BarAnnotation.swift */,
				F0934E1B1CDE194700E9F51D /* AppleMapViewController.swift */,
			);
			name = "Map Tab";
			sourceTree = "<group>";
		};
/* End PBXGroup section */

/* Begin PBXNativeTarget section */
		F014BBDB1CAC7CBB00BCBEC2 /* Moon */ = {
			isa = PBXNativeTarget;
			buildConfigurationList = F014BBEE1CAC7CBC00BCBEC2 /* Build configuration list for PBXNativeTarget "Moon" */;
			buildPhases = (
				2636EF053AAF17E68AFA717D /* Check Pods Manifest.lock */,
				F014BBD81CAC7CBB00BCBEC2 /* Sources */,
				F014BBD91CAC7CBB00BCBEC2 /* Frameworks */,
				F014BBDA1CAC7CBB00BCBEC2 /* Resources */,
				CDF37AC67981DA52F4367B54 /* Embed Pods Frameworks */,
				3201DC78A27830D7D816597B /* Copy Pods Resources */,
			);
			buildRules = (
			);
			dependencies = (
			);
			name = Moon;
			productName = Moon;
			productReference = F014BBDC1CAC7CBB00BCBEC2 /* Moon.app */;
			productType = "com.apple.product-type.application";
		};
/* End PBXNativeTarget section */

/* Begin PBXProject section */
		F014BBD41CAC7CBB00BCBEC2 /* Project object */ = {
			isa = PBXProject;
			attributes = {
				LastSwiftUpdateCheck = 0720;
				LastUpgradeCheck = 0720;
				ORGANIZATIONNAME = "Evan Noble";
				TargetAttributes = {
					F014BBDB1CAC7CBB00BCBEC2 = {
						CreatedOnToolsVersion = 7.2.1;
						DevelopmentTeam = P4Q24DN7SQ;
					};
				};
			};
			buildConfigurationList = F014BBD71CAC7CBB00BCBEC2 /* Build configuration list for PBXProject "Moon" */;
			compatibilityVersion = "Xcode 3.2";
			developmentRegion = English;
			hasScannedForEncodings = 0;
			knownRegions = (
				en,
				Base,
			);
			mainGroup = F014BBD31CAC7CBB00BCBEC2;
			productRefGroup = F014BBDD1CAC7CBB00BCBEC2 /* Products */;
			projectDirPath = "";
			projectRoot = "";
			targets = (
				F014BBDB1CAC7CBB00BCBEC2 /* Moon */,
			);
		};
/* End PBXProject section */

/* Begin PBXResourcesBuildPhase section */
		F014BBDA1CAC7CBB00BCBEC2 /* Resources */ = {
			isa = PBXResourcesBuildPhase;
			buildActionMask = 2147483647;
			files = (
				F014BBEA1CAC7CBC00BCBEC2 /* LaunchScreen.storyboard in Resources */,
				F014BBE71CAC7CBC00BCBEC2 /* Assets.xcassets in Resources */,
				F0B8D1D61CF5414A007D6648 /* avenu-dallas.jpg in Resources */,
				C0327D9E1CEC06000014E382 /* dallas_skyline.jpeg in Resources */,
				C0327D9C1CEC05FA0014E382 /* bar_background_750x1350.png in Resources */,
				F014BBE51CAC7CBC00BCBEC2 /* Main.storyboard in Resources */,
			);
			runOnlyForDeploymentPostprocessing = 0;
		};
/* End PBXResourcesBuildPhase section */

/* Begin PBXShellScriptBuildPhase section */
		2636EF053AAF17E68AFA717D /* Check Pods Manifest.lock */ = {
			isa = PBXShellScriptBuildPhase;
			buildActionMask = 2147483647;
			files = (
			);
			inputPaths = (
			);
			name = "Check Pods Manifest.lock";
			outputPaths = (
			);
			runOnlyForDeploymentPostprocessing = 0;
			shellPath = /bin/sh;
			shellScript = "diff \"${PODS_ROOT}/../Podfile.lock\" \"${PODS_ROOT}/Manifest.lock\" > /dev/null\nif [[ $? != 0 ]] ; then\n    cat << EOM\nerror: The sandbox is not in sync with the Podfile.lock. Run 'pod install' or update your CocoaPods installation.\nEOM\n    exit 1\nfi\n";
			showEnvVarsInLog = 0;
		};
		3201DC78A27830D7D816597B /* Copy Pods Resources */ = {
			isa = PBXShellScriptBuildPhase;
			buildActionMask = 2147483647;
			files = (
			);
			inputPaths = (
			);
			name = "Copy Pods Resources";
			outputPaths = (
			);
			runOnlyForDeploymentPostprocessing = 0;
			shellPath = /bin/sh;
			shellScript = "\"${SRCROOT}/Pods/Target Support Files/Pods-Moon/Pods-Moon-resources.sh\"\n";
			showEnvVarsInLog = 0;
		};
		CDF37AC67981DA52F4367B54 /* Embed Pods Frameworks */ = {
			isa = PBXShellScriptBuildPhase;
			buildActionMask = 2147483647;
			files = (
			);
			inputPaths = (
			);
			name = "Embed Pods Frameworks";
			outputPaths = (
			);
			runOnlyForDeploymentPostprocessing = 0;
			shellPath = /bin/sh;
			shellScript = "\"${SRCROOT}/Pods/Target Support Files/Pods-Moon/Pods-Moon-frameworks.sh\"\n";
			showEnvVarsInLog = 0;
		};
/* End PBXShellScriptBuildPhase section */

/* Begin PBXSourcesBuildPhase section */
		F014BBD81CAC7CBB00BCBEC2 /* Sources */ = {
			isa = PBXSourcesBuildPhase;
			buildActionMask = 2147483647;
			files = (
				F07C65691CC9C298002517B5 /* MapViewController.swift in Sources */,
				F09E5C3C1CC5931E00474096 /* ProfileViewController.swift in Sources */,
				F014BBF71CAC8BBC00BCBEC2 /* CreateAccountViewController.swift in Sources */,
				F05A8B821CCA806A00995111 /* BarSearchViewController.swift in Sources */,
				F01779401CEC06E5008FA5A5 /* FriendRequestTableViewCell.swift in Sources */,
				F09E5C381CC5641D00474096 /* UserSettingsViewController.swift in Sources */,
				F014BBE01CAC7CBB00BCBEC2 /* AppDelegate.swift in Sources */,
				F014BBF31CAC852200BCBEC2 /* BaseService.swift in Sources */,
				F06C32F61CC8115700F0A90C /* FriendsTableViewController.swift in Sources */,
				F0FDD9631CF72B9800E9DF8C /* DatePickerDialog.swift in Sources */,
				F0934E1C1CDE194700E9F51D /* AppleMapViewController.swift in Sources */,
				F0047E871CDBD47200B37DB4 /* BarFeedTableViewController.swift in Sources */,
				F0B8D1DA1CF54159007D6648 /* iCarousel.m in Sources */,
				F0047E851CDBBE6200B37DB4 /* BarActivityTableViewCell.swift in Sources */,
				F014BBF51CAC8BAE00BCBEC2 /* LogInViewController.swift in Sources */,
				F002786E1CE7715D00DECEC0 /* (null) in Sources */,
				F055CEDC1CC9973C009D798A /* UserProfileViewController.swift in Sources */,
				F002D4D71CCABCA9002552DD /* BarProfileViewController.swift in Sources */,
				F0934E1E1CDE1AFD00E9F51D /* BarAnnotation.swift in Sources */,
				F02639FC1CC8451F00C2A9FF /* SearchTableViewController.swift in Sources */,
			);
			runOnlyForDeploymentPostprocessing = 0;
		};
/* End PBXSourcesBuildPhase section */

/* Begin PBXVariantGroup section */
		F014BBE31CAC7CBC00BCBEC2 /* Main.storyboard */ = {
			isa = PBXVariantGroup;
			children = (
				F014BBE41CAC7CBC00BCBEC2 /* Base */,
			);
			name = Main.storyboard;
			sourceTree = "<group>";
		};
		F014BBE81CAC7CBC00BCBEC2 /* LaunchScreen.storyboard */ = {
			isa = PBXVariantGroup;
			children = (
				F014BBE91CAC7CBC00BCBEC2 /* Base */,
			);
			name = LaunchScreen.storyboard;
			sourceTree = "<group>";
		};
/* End PBXVariantGroup section */

/* Begin XCBuildConfiguration section */
		F014BBEC1CAC7CBC00BCBEC2 /* Debug */ = {
			isa = XCBuildConfiguration;
			buildSettings = {
				ALWAYS_SEARCH_USER_PATHS = NO;
				CLANG_CXX_LANGUAGE_STANDARD = "gnu++0x";
				CLANG_CXX_LIBRARY = "libc++";
				CLANG_ENABLE_MODULES = YES;
				CLANG_ENABLE_OBJC_ARC = YES;
				CLANG_WARN_BOOL_CONVERSION = YES;
				CLANG_WARN_CONSTANT_CONVERSION = YES;
				CLANG_WARN_DIRECT_OBJC_ISA_USAGE = YES_ERROR;
				CLANG_WARN_EMPTY_BODY = YES;
				CLANG_WARN_ENUM_CONVERSION = YES;
				CLANG_WARN_INT_CONVERSION = YES;
				CLANG_WARN_OBJC_ROOT_CLASS = YES_ERROR;
				CLANG_WARN_UNREACHABLE_CODE = YES;
				CLANG_WARN__DUPLICATE_METHOD_MATCH = YES;
				"CODE_SIGN_IDENTITY[sdk=iphoneos*]" = "iPhone Developer";
				COPY_PHASE_STRIP = NO;
				DEBUG_INFORMATION_FORMAT = dwarf;
				ENABLE_STRICT_OBJC_MSGSEND = YES;
				ENABLE_TESTABILITY = YES;
				GCC_C_LANGUAGE_STANDARD = gnu99;
				GCC_DYNAMIC_NO_PIC = NO;
				GCC_NO_COMMON_BLOCKS = YES;
				GCC_OPTIMIZATION_LEVEL = 0;
				GCC_PREPROCESSOR_DEFINITIONS = (
					"DEBUG=1",
					"$(inherited)",
				);
				GCC_WARN_64_TO_32_BIT_CONVERSION = YES;
				GCC_WARN_ABOUT_RETURN_TYPE = YES_ERROR;
				GCC_WARN_UNDECLARED_SELECTOR = YES;
				GCC_WARN_UNINITIALIZED_AUTOS = YES_AGGRESSIVE;
				GCC_WARN_UNUSED_FUNCTION = YES;
				GCC_WARN_UNUSED_VARIABLE = YES;
				IPHONEOS_DEPLOYMENT_TARGET = 9.2;
				MTL_ENABLE_DEBUG_INFO = YES;
				ONLY_ACTIVE_ARCH = YES;
				SDKROOT = iphoneos;
				SWIFT_OPTIMIZATION_LEVEL = "-Onone";
			};
			name = Debug;
		};
		F014BBED1CAC7CBC00BCBEC2 /* Release */ = {
			isa = XCBuildConfiguration;
			buildSettings = {
				ALWAYS_SEARCH_USER_PATHS = NO;
				CLANG_CXX_LANGUAGE_STANDARD = "gnu++0x";
				CLANG_CXX_LIBRARY = "libc++";
				CLANG_ENABLE_MODULES = YES;
				CLANG_ENABLE_OBJC_ARC = YES;
				CLANG_WARN_BOOL_CONVERSION = YES;
				CLANG_WARN_CONSTANT_CONVERSION = YES;
				CLANG_WARN_DIRECT_OBJC_ISA_USAGE = YES_ERROR;
				CLANG_WARN_EMPTY_BODY = YES;
				CLANG_WARN_ENUM_CONVERSION = YES;
				CLANG_WARN_INT_CONVERSION = YES;
				CLANG_WARN_OBJC_ROOT_CLASS = YES_ERROR;
				CLANG_WARN_UNREACHABLE_CODE = YES;
				CLANG_WARN__DUPLICATE_METHOD_MATCH = YES;
				"CODE_SIGN_IDENTITY[sdk=iphoneos*]" = "iPhone Developer";
				COPY_PHASE_STRIP = NO;
				DEBUG_INFORMATION_FORMAT = "dwarf-with-dsym";
				ENABLE_NS_ASSERTIONS = NO;
				ENABLE_STRICT_OBJC_MSGSEND = YES;
				GCC_C_LANGUAGE_STANDARD = gnu99;
				GCC_NO_COMMON_BLOCKS = YES;
				GCC_WARN_64_TO_32_BIT_CONVERSION = YES;
				GCC_WARN_ABOUT_RETURN_TYPE = YES_ERROR;
				GCC_WARN_UNDECLARED_SELECTOR = YES;
				GCC_WARN_UNINITIALIZED_AUTOS = YES_AGGRESSIVE;
				GCC_WARN_UNUSED_FUNCTION = YES;
				GCC_WARN_UNUSED_VARIABLE = YES;
				IPHONEOS_DEPLOYMENT_TARGET = 9.2;
				MTL_ENABLE_DEBUG_INFO = NO;
				SDKROOT = iphoneos;
				VALIDATE_PRODUCT = YES;
			};
			name = Release;
		};
		F014BBEF1CAC7CBC00BCBEC2 /* Debug */ = {
			isa = XCBuildConfiguration;
			baseConfigurationReference = 784D6390B1FEF0320A2E2857 /* Pods-Moon.debug.xcconfig */;
			buildSettings = {
				ASSETCATALOG_COMPILER_APPICON_NAME = AppIcon;
				CODE_SIGN_IDENTITY = "iPhone Developer";
				"CODE_SIGN_IDENTITY[sdk=iphoneos*]" = "iPhone Developer";
				INFOPLIST_FILE = Moon/Info.plist;
				IPHONEOS_DEPLOYMENT_TARGET = 9.0;
				LD_RUNPATH_SEARCH_PATHS = "$(inherited) @executable_path/Frameworks";
				PRODUCT_BUNDLE_IDENTIFIER = com.EvanNoble.Moon;
				PRODUCT_NAME = "$(TARGET_NAME)";
				PROVISIONING_PROFILE = "";
				SWIFT_OBJC_BRIDGING_HEADER = "/Users/evannoble/Desktop/MoonFire/Moon/iCarousel-Bridging-Header.h";
				SWIFT_OBJC_INTERFACE_HEADER_NAME = "";
			};
			name = Debug;
		};
		F014BBF01CAC7CBC00BCBEC2 /* Release */ = {
			isa = XCBuildConfiguration;
			baseConfigurationReference = 8594EE623BFE0094FBAC5A7D /* Pods-Moon.release.xcconfig */;
			buildSettings = {
				ASSETCATALOG_COMPILER_APPICON_NAME = AppIcon;
				CODE_SIGN_IDENTITY = "iPhone Developer";
				"CODE_SIGN_IDENTITY[sdk=iphoneos*]" = "iPhone Developer";
				INFOPLIST_FILE = Moon/Info.plist;
				IPHONEOS_DEPLOYMENT_TARGET = 9.0;
				LD_RUNPATH_SEARCH_PATHS = "$(inherited) @executable_path/Frameworks";
				PRODUCT_BUNDLE_IDENTIFIER = com.EvanNoble.Moon;
				PRODUCT_NAME = "$(TARGET_NAME)";
				PROVISIONING_PROFILE = "";
				SWIFT_OBJC_BRIDGING_HEADER = "/Users/evannoble/Desktop/MoonFire/Moon/iCarousel-Bridging-Header.h";
				SWIFT_OBJC_INTERFACE_HEADER_NAME = "";
			};
			name = Release;
		};
/* End XCBuildConfiguration section */

/* Begin XCConfigurationList section */
		F014BBD71CAC7CBB00BCBEC2 /* Build configuration list for PBXProject "Moon" */ = {
			isa = XCConfigurationList;
			buildConfigurations = (
				F014BBEC1CAC7CBC00BCBEC2 /* Debug */,
				F014BBED1CAC7CBC00BCBEC2 /* Release */,
			);
			defaultConfigurationIsVisible = 0;
			defaultConfigurationName = Release;
		};
		F014BBEE1CAC7CBC00BCBEC2 /* Build configuration list for PBXNativeTarget "Moon" */ = {
			isa = XCConfigurationList;
			buildConfigurations = (
				F014BBEF1CAC7CBC00BCBEC2 /* Debug */,
				F014BBF01CAC7CBC00BCBEC2 /* Release */,
			);
			defaultConfigurationIsVisible = 0;
			defaultConfigurationName = Release;
		};
/* End XCConfigurationList section */
	};
	rootObject = F014BBD41CAC7CBB00BCBEC2 /* Project object */;
}
