// !$*UTF8*$!
{
	archiveVersion = 1;
	classes = {
	};
	objectVersion = 46;
	objects = {

/* Begin PBXBuildFile section */
		C0073C751D16380D00CF3AC6 /* green_map_pin.png in Resources */ = {isa = PBXBuildFile; fileRef = C0073C741D16380D00CF3AC6 /* green_map_pin.png */; };
		C0073C771D163B2000CF3AC6 /* yellow_map_pin.png in Resources */ = {isa = PBXBuildFile; fileRef = C0073C761D163B2000CF3AC6 /* yellow_map_pin.png */; };
		C0073C791D163C7E00CF3AC6 /* red_map_pin.png in Resources */ = {isa = PBXBuildFile; fileRef = C0073C781D163C7E00CF3AC6 /* red_map_pin.png */; };
		C008F9951D07F38300A683DF /* Moon_Title.png in Resources */ = {isa = PBXBuildFile; fileRef = C008F9941D07F38300A683DF /* Moon_Title.png */; };
		C008F9971D07F47B00A683DF /* Moon_Title_2.png in Resources */ = {isa = PBXBuildFile; fileRef = C008F9961D07F47B00A683DF /* Moon_Title_2.png */; };
		C008F9991D07F50000A683DF /* Moon_Title_3.png in Resources */ = {isa = PBXBuildFile; fileRef = C008F9981D07F50000A683DF /* Moon_Title_3.png */; };
		C0327D9C1CEC05FA0014E382 /* bar_background_750x1350.png in Resources */ = {isa = PBXBuildFile; fileRef = C0327D9B1CEC05FA0014E382 /* bar_background_750x1350.png */; };
		C0327D9E1CEC06000014E382 /* dallas_skyline.jpeg in Resources */ = {isa = PBXBuildFile; fileRef = C0327D9D1CEC06000014E382 /* dallas_skyline.jpeg */; };
		C09452901D45219800BD3A08 /* Login Screen.jpg in Resources */ = {isa = PBXBuildFile; fileRef = C094528F1D45219800BD3A08 /* Login Screen.jpg */; };
		C09452921D45242B00BD3A08 /* Logo.png in Resources */ = {isa = PBXBuildFile; fileRef = C09452911D45242B00BD3A08 /* Logo.png */; };
		C09452941D45255800BD3A08 /* FB_button.png in Resources */ = {isa = PBXBuildFile; fileRef = C09452931D45255800BD3A08 /* FB_button.png */; };
		C09452961D4526C400BD3A08 /* Login_button.png in Resources */ = {isa = PBXBuildFile; fileRef = C09452951D4526C400BD3A08 /* Login_button.png */; };
		C09452981D452A6500BD3A08 /* EmailPassword_field.png in Resources */ = {isa = PBXBuildFile; fileRef = C09452971D452A6500BD3A08 /* EmailPassword_field.png */; };
		C094529A1D452C2800BD3A08 /* bottom_base.png in Resources */ = {isa = PBXBuildFile; fileRef = C09452991D452C2800BD3A08 /* bottom_base.png */; };
		C094529C1D452D0F00BD3A08 /* SignUp_button.png in Resources */ = {isa = PBXBuildFile; fileRef = C094529B1D452D0F00BD3A08 /* SignUp_button.png */; };
		C094529E1D452EB400BD3A08 /* Google_button.png in Resources */ = {isa = PBXBuildFile; fileRef = C094529D1D452EB400BD3A08 /* Google_button.png */; };
		C09452A01D45492500BD3A08 /* OR_icon.png in Resources */ = {isa = PBXBuildFile; fileRef = C094529F1D45492500BD3A08 /* OR_icon.png */; };
		C09452A41D45665F00BD3A08 /* Sign Up.jpg in Resources */ = {isa = PBXBuildFile; fileRef = C09452A31D45665F00BD3A08 /* Sign Up.jpg */; };
		C09452A61D45675500BD3A08 /* topBar_base.png in Resources */ = {isa = PBXBuildFile; fileRef = C09452A51D45675500BD3A08 /* topBar_base.png */; };
		C09452A81D45677600BD3A08 /* SignUp_button_2.png in Resources */ = {isa = PBXBuildFile; fileRef = C09452A71D45677600BD3A08 /* SignUp_button_2.png */; };
		C09452AA1D45677F00BD3A08 /* UsernamePassword_base.png in Resources */ = {isa = PBXBuildFile; fileRef = C09452A91D45677F00BD3A08 /* UsernamePassword_base.png */; };
		C09452AC1D4567EF00BD3A08 /* bottom_base_2.png in Resources */ = {isa = PBXBuildFile; fileRef = C09452AB1D4567EF00BD3A08 /* bottom_base_2.png */; };
		C09452B01D4572AD00BD3A08 /* SignUp_Background2.png in Resources */ = {isa = PBXBuildFile; fileRef = C09452AF1D4572AD00BD3A08 /* SignUp_Background2.png */; };
		C0FBF4A51D25E44B004DBB5B /* wine_icon.png in Resources */ = {isa = PBXBuildFile; fileRef = C0FBF4A41D25E44B004DBB5B /* wine_icon.png */; };
		C0FBF4A71D25E44E004DBB5B /* beer_icon.png in Resources */ = {isa = PBXBuildFile; fileRef = C0FBF4A61D25E44E004DBB5B /* beer_icon.png */; };
		C0FBF4A91D25E455004DBB5B /* martini_icon.png in Resources */ = {isa = PBXBuildFile; fileRef = C0FBF4A81D25E455004DBB5B /* martini_icon.png */; };
		C0FBF4AD1D342F30004DBB5B /* default_pic.png in Resources */ = {isa = PBXBuildFile; fileRef = C0FBF4AC1D342F30004DBB5B /* default_pic.png */; };
		C4798CE22AAD78090A37D178 /* Pods_Moon.framework in Frameworks */ = {isa = PBXBuildFile; fileRef = 806581BF23DE4DF8B2118160 /* Pods_Moon.framework */; };
		F002786E1CE7715D00DECEC0 /* (null) in Sources */ = {isa = PBXBuildFile; };
		F002D4D71CCABCA9002552DD /* BarProfileViewController.swift in Sources */ = {isa = PBXBuildFile; fileRef = F002D4D61CCABCA9002552DD /* BarProfileViewController.swift */; };
		F0047E851CDBBE6200B37DB4 /* BarActivityTableViewCell.swift in Sources */ = {isa = PBXBuildFile; fileRef = F0047E841CDBBE6200B37DB4 /* BarActivityTableViewCell.swift */; };
		F0047E871CDBD47200B37DB4 /* BarFeedTableViewController.swift in Sources */ = {isa = PBXBuildFile; fileRef = F0047E861CDBD47200B37DB4 /* BarFeedTableViewController.swift */; };
		F014BBE01CAC7CBB00BCBEC2 /* AppDelegate.swift in Sources */ = {isa = PBXBuildFile; fileRef = F014BBDF1CAC7CBB00BCBEC2 /* AppDelegate.swift */; };
		F014BBE51CAC7CBC00BCBEC2 /* Main.storyboard in Resources */ = {isa = PBXBuildFile; fileRef = F014BBE31CAC7CBC00BCBEC2 /* Main.storyboard */; };
		F014BBE71CAC7CBC00BCBEC2 /* Assets.xcassets in Resources */ = {isa = PBXBuildFile; fileRef = F014BBE61CAC7CBC00BCBEC2 /* Assets.xcassets */; };
		F014BBF31CAC852200BCBEC2 /* BaseService.swift in Sources */ = {isa = PBXBuildFile; fileRef = F014BBF21CAC852200BCBEC2 /* BaseService.swift */; };
		F014BBF51CAC8BAE00BCBEC2 /* LogInViewController.swift in Sources */ = {isa = PBXBuildFile; fileRef = F014BBF41CAC8BAE00BCBEC2 /* LogInViewController.swift */; };
		F014BBF71CAC8BBC00BCBEC2 /* CreateAccountViewController.swift in Sources */ = {isa = PBXBuildFile; fileRef = F014BBF61CAC8BBC00BCBEC2 /* CreateAccountViewController.swift */; };
		F01779401CEC06E5008FA5A5 /* FriendRequestTableViewCell.swift in Sources */ = {isa = PBXBuildFile; fileRef = F017793F1CEC06E5008FA5A5 /* FriendRequestTableViewCell.swift */; };
		F02639FC1CC8451F00C2A9FF /* SearchTableViewController.swift in Sources */ = {isa = PBXBuildFile; fileRef = F02639FB1CC8451F00C2A9FF /* SearchTableViewController.swift */; };
		F055CEDC1CC9973C009D798A /* UserProfileViewController.swift in Sources */ = {isa = PBXBuildFile; fileRef = F055CEDB1CC9973C009D798A /* UserProfileViewController.swift */; };
		F0572ACF1D19645C00105827 /* raleigh.gpx in Resources */ = {isa = PBXBuildFile; fileRef = F0572ACE1D19645C00105827 /* raleigh.gpx */; };
		F0572AD11D19653500105827 /* raleigh_skyline.jpg in Resources */ = {isa = PBXBuildFile; fileRef = F0572AD01D19653500105827 /* raleigh_skyline.jpg */; };
		F05A8B821CCA806A00995111 /* BarSearchViewController.swift in Sources */ = {isa = PBXBuildFile; fileRef = F05A8B811CCA806A00995111 /* BarSearchViewController.swift */; };
		F06C32F61CC8115700F0A90C /* FriendsTableViewController.swift in Sources */ = {isa = PBXBuildFile; fileRef = F06C32F51CC8115700F0A90C /* FriendsTableViewController.swift */; };
		F07C65691CC9C298002517B5 /* MapViewController.swift in Sources */ = {isa = PBXBuildFile; fileRef = F07C65681CC9C298002517B5 /* MapViewController.swift */; };
		F08338EE1D12E5EE00B90D8D /* Badge.swift in Sources */ = {isa = PBXBuildFile; fileRef = F08338ED1D12E5EE00B90D8D /* Badge.swift */; };
		F0934E1C1CDE194700E9F51D /* AppleMapViewController.swift in Sources */ = {isa = PBXBuildFile; fileRef = F0934E1B1CDE194700E9F51D /* AppleMapViewController.swift */; };
		F0934E1E1CDE1AFD00E9F51D /* BarAnnotation.swift in Sources */ = {isa = PBXBuildFile; fileRef = F0934E1D1CDE1AFD00E9F51D /* BarAnnotation.swift */; };
		F09E5C381CC5641D00474096 /* UserSettingsViewController.swift in Sources */ = {isa = PBXBuildFile; fileRef = F09E5C371CC5641D00474096 /* UserSettingsViewController.swift */; };
		F09E5C3C1CC5931E00474096 /* ProfileViewController.swift in Sources */ = {isa = PBXBuildFile; fileRef = F09E5C3B1CC5931E00474096 /* ProfileViewController.swift */; };
		F0A1A0541D10956000FB570E /* Dallas.gpx in Resources */ = {isa = PBXBuildFile; fileRef = F0A1A0531D10956000FB570E /* Dallas.gpx */; };
		F0A3BAED1D0768BF00AC7830 /* FlickrServices.swift in Sources */ = {isa = PBXBuildFile; fileRef = F0A3BAEC1D0768BF00AC7830 /* FlickrServices.swift */; };
		F0AAD50F1D11E6B000F23AAA /* Utilities.swift in Sources */ = {isa = PBXBuildFile; fileRef = F0AAD50E1D11E6B000F23AAA /* Utilities.swift */; };
		F0AAD5111D11E6FA00F23AAA /* Structs.swift in Sources */ = {isa = PBXBuildFile; fileRef = F0AAD5101D11E6FA00F23AAA /* Structs.swift */; };
		F0AAD5131D11E71100F23AAA /* Enums.swift in Sources */ = {isa = PBXBuildFile; fileRef = F0AAD5121D11E71100F23AAA /* Enums.swift */; };
		F0B8D1D61CF5414A007D6648 /* avenu-dallas.jpg in Resources */ = {isa = PBXBuildFile; fileRef = F0B8D1D51CF5414A007D6648 /* avenu-dallas.jpg */; };
		F0B8D1DA1CF54159007D6648 /* iCarousel.m in Sources */ = {isa = PBXBuildFile; fileRef = F0B8D1D91CF54159007D6648 /* iCarousel.m */; };
		F0BB70B91D103D01002A99AE /* Add User Male Filled-25.png in Resources */ = {isa = PBXBuildFile; fileRef = F0BB70B81D103D01002A99AE /* Add User Male Filled-25.png */; };
		F0BB70BB1D105486002A99AE /* Contacts Filled.svg in Resources */ = {isa = PBXBuildFile; fileRef = F0BB70BA1D105486002A99AE /* Contacts Filled.svg */; };
		F0BB70BD1D1054A6002A99AE /* Contacts Filled-25.png in Resources */ = {isa = PBXBuildFile; fileRef = F0BB70BC1D1054A6002A99AE /* Contacts Filled-25.png */; };
		F0F86D881D24B0C8002E044D /* FirebaseAPI.swift in Sources */ = {isa = PBXBuildFile; fileRef = F0F86D871D24B0C8002E044D /* FirebaseAPI.swift */; };
		F0F86D8B1D24B1E6002E044D /* User.swift in Sources */ = {isa = PBXBuildFile; fileRef = F0F86D8A1D24B1E6002E044D /* User.swift */; };
		F0F86D8D1D24B571002E044D /* Bar.swift in Sources */ = {isa = PBXBuildFile; fileRef = F0F86D8C1D24B571002E044D /* Bar.swift */; };
		F0FDD9631CF72B9800E9DF8C /* DatePickerDialog.swift in Sources */ = {isa = PBXBuildFile; fileRef = F0FDD9621CF72B9800E9DF8C /* DatePickerDialog.swift */; };
		F0FDD9651CF731B700E9DF8C /* GoogleService-Info.plist in Resources */ = {isa = PBXBuildFile; fileRef = F0FDD9641CF731B700E9DF8C /* GoogleService-Info.plist */; };
/* End PBXBuildFile section */

/* Begin PBXFileReference section */
		784D6390B1FEF0320A2E2857 /* Pods-Moon.debug.xcconfig */ = {isa = PBXFileReference; includeInIndex = 1; lastKnownFileType = text.xcconfig; name = "Pods-Moon.debug.xcconfig"; path = "Pods/Target Support Files/Pods-Moon/Pods-Moon.debug.xcconfig"; sourceTree = "<group>"; };
		806581BF23DE4DF8B2118160 /* Pods_Moon.framework */ = {isa = PBXFileReference; explicitFileType = wrapper.framework; includeInIndex = 0; path = Pods_Moon.framework; sourceTree = BUILT_PRODUCTS_DIR; };
		8594EE623BFE0094FBAC5A7D /* Pods-Moon.release.xcconfig */ = {isa = PBXFileReference; includeInIndex = 1; lastKnownFileType = text.xcconfig; name = "Pods-Moon.release.xcconfig"; path = "Pods/Target Support Files/Pods-Moon/Pods-Moon.release.xcconfig"; sourceTree = "<group>"; };
		C0073C741D16380D00CF3AC6 /* green_map_pin.png */ = {isa = PBXFileReference; lastKnownFileType = image.png; path = green_map_pin.png; sourceTree = "<group>"; };
		C0073C761D163B2000CF3AC6 /* yellow_map_pin.png */ = {isa = PBXFileReference; lastKnownFileType = image.png; path = yellow_map_pin.png; sourceTree = "<group>"; };
		C0073C781D163C7E00CF3AC6 /* red_map_pin.png */ = {isa = PBXFileReference; lastKnownFileType = image.png; path = red_map_pin.png; sourceTree = "<group>"; };
		C008F9941D07F38300A683DF /* Moon_Title.png */ = {isa = PBXFileReference; lastKnownFileType = image.png; path = Moon_Title.png; sourceTree = "<group>"; };
		C008F9961D07F47B00A683DF /* Moon_Title_2.png */ = {isa = PBXFileReference; lastKnownFileType = image.png; path = Moon_Title_2.png; sourceTree = "<group>"; };
		C008F9981D07F50000A683DF /* Moon_Title_3.png */ = {isa = PBXFileReference; lastKnownFileType = image.png; path = Moon_Title_3.png; sourceTree = "<group>"; };
		C0327D9B1CEC05FA0014E382 /* bar_background_750x1350.png */ = {isa = PBXFileReference; lastKnownFileType = image.png; path = bar_background_750x1350.png; sourceTree = "<group>"; };
		C0327D9D1CEC06000014E382 /* dallas_skyline.jpeg */ = {isa = PBXFileReference; lastKnownFileType = image.jpeg; path = dallas_skyline.jpeg; sourceTree = "<group>"; };
		C094528F1D45219800BD3A08 /* Login Screen.jpg */ = {isa = PBXFileReference; lastKnownFileType = image.jpeg; path = "Login Screen.jpg"; sourceTree = "<group>"; };
		C09452911D45242B00BD3A08 /* Logo.png */ = {isa = PBXFileReference; lastKnownFileType = image.png; path = Logo.png; sourceTree = "<group>"; };
		C09452931D45255800BD3A08 /* FB_button.png */ = {isa = PBXFileReference; lastKnownFileType = image.png; path = FB_button.png; sourceTree = "<group>"; };
		C09452951D4526C400BD3A08 /* Login_button.png */ = {isa = PBXFileReference; lastKnownFileType = image.png; path = Login_button.png; sourceTree = "<group>"; };
		C09452971D452A6500BD3A08 /* EmailPassword_field.png */ = {isa = PBXFileReference; lastKnownFileType = image.png; path = EmailPassword_field.png; sourceTree = "<group>"; };
		C09452991D452C2800BD3A08 /* bottom_base.png */ = {isa = PBXFileReference; lastKnownFileType = image.png; path = bottom_base.png; sourceTree = "<group>"; };
		C094529B1D452D0F00BD3A08 /* SignUp_button.png */ = {isa = PBXFileReference; lastKnownFileType = image.png; path = SignUp_button.png; sourceTree = "<group>"; };
		C094529D1D452EB400BD3A08 /* Google_button.png */ = {isa = PBXFileReference; lastKnownFileType = image.png; path = Google_button.png; sourceTree = "<group>"; };
		C094529F1D45492500BD3A08 /* OR_icon.png */ = {isa = PBXFileReference; lastKnownFileType = image.png; path = OR_icon.png; sourceTree = "<group>"; };
		C09452A31D45665F00BD3A08 /* Sign Up.jpg */ = {isa = PBXFileReference; lastKnownFileType = image.jpeg; path = "Sign Up.jpg"; sourceTree = "<group>"; };
		C09452A51D45675500BD3A08 /* topBar_base.png */ = {isa = PBXFileReference; lastKnownFileType = image.png; path = topBar_base.png; sourceTree = "<group>"; };
		C09452A71D45677600BD3A08 /* SignUp_button_2.png */ = {isa = PBXFileReference; lastKnownFileType = image.png; path = SignUp_button_2.png; sourceTree = "<group>"; };
		C09452A91D45677F00BD3A08 /* UsernamePassword_base.png */ = {isa = PBXFileReference; lastKnownFileType = image.png; path = UsernamePassword_base.png; sourceTree = "<group>"; };
		C09452AB1D4567EF00BD3A08 /* bottom_base_2.png */ = {isa = PBXFileReference; lastKnownFileType = image.png; path = bottom_base_2.png; sourceTree = "<group>"; };
		C09452AF1D4572AD00BD3A08 /* SignUp_Background2.png */ = {isa = PBXFileReference; lastKnownFileType = image.png; path = SignUp_Background2.png; sourceTree = "<group>"; };
		C0FBF4A41D25E44B004DBB5B /* wine_icon.png */ = {isa = PBXFileReference; lastKnownFileType = image.png; path = wine_icon.png; sourceTree = "<group>"; };
		C0FBF4A61D25E44E004DBB5B /* beer_icon.png */ = {isa = PBXFileReference; lastKnownFileType = image.png; path = beer_icon.png; sourceTree = "<group>"; };
		C0FBF4A81D25E455004DBB5B /* martini_icon.png */ = {isa = PBXFileReference; lastKnownFileType = image.png; path = martini_icon.png; sourceTree = "<group>"; };
		C0FBF4AC1D342F30004DBB5B /* default_pic.png */ = {isa = PBXFileReference; lastKnownFileType = image.png; path = default_pic.png; sourceTree = "<group>"; };
		F002D4D61CCABCA9002552DD /* BarProfileViewController.swift */ = {isa = PBXFileReference; fileEncoding = 4; lastKnownFileType = sourcecode.swift; path = BarProfileViewController.swift; sourceTree = "<group>"; };
		F0047E841CDBBE6200B37DB4 /* BarActivityTableViewCell.swift */ = {isa = PBXFileReference; fileEncoding = 4; lastKnownFileType = sourcecode.swift; path = BarActivityTableViewCell.swift; sourceTree = "<group>"; };
		F0047E861CDBD47200B37DB4 /* BarFeedTableViewController.swift */ = {isa = PBXFileReference; fileEncoding = 4; lastKnownFileType = sourcecode.swift; path = BarFeedTableViewController.swift; sourceTree = "<group>"; };
		F014BBDC1CAC7CBB00BCBEC2 /* Moon.app */ = {isa = PBXFileReference; explicitFileType = wrapper.application; includeInIndex = 0; path = Moon.app; sourceTree = BUILT_PRODUCTS_DIR; };
		F014BBDF1CAC7CBB00BCBEC2 /* AppDelegate.swift */ = {isa = PBXFileReference; lastKnownFileType = sourcecode.swift; path = AppDelegate.swift; sourceTree = "<group>"; };
		F014BBE41CAC7CBC00BCBEC2 /* Base */ = {isa = PBXFileReference; lastKnownFileType = file.storyboard; name = Base; path = Base.lproj/Main.storyboard; sourceTree = "<group>"; };
		F014BBE61CAC7CBC00BCBEC2 /* Assets.xcassets */ = {isa = PBXFileReference; lastKnownFileType = folder.assetcatalog; path = Assets.xcassets; sourceTree = "<group>"; };
		F014BBE91CAC7CBC00BCBEC2 /* Base */ = {isa = PBXFileReference; lastKnownFileType = file.storyboard; name = Base; path = Base.lproj/LaunchScreen.storyboard; sourceTree = "<group>"; };
		F014BBEB1CAC7CBC00BCBEC2 /* Info.plist */ = {isa = PBXFileReference; lastKnownFileType = text.plist.xml; path = Info.plist; sourceTree = "<group>"; };
		F014BBF21CAC852200BCBEC2 /* BaseService.swift */ = {isa = PBXFileReference; fileEncoding = 4; lastKnownFileType = sourcecode.swift; path = BaseService.swift; sourceTree = "<group>"; };
		F014BBF41CAC8BAE00BCBEC2 /* LogInViewController.swift */ = {isa = PBXFileReference; fileEncoding = 4; lastKnownFileType = sourcecode.swift; path = LogInViewController.swift; sourceTree = "<group>"; };
		F014BBF61CAC8BBC00BCBEC2 /* CreateAccountViewController.swift */ = {isa = PBXFileReference; fileEncoding = 4; lastKnownFileType = sourcecode.swift; path = CreateAccountViewController.swift; sourceTree = "<group>"; };
		F017793F1CEC06E5008FA5A5 /* FriendRequestTableViewCell.swift */ = {isa = PBXFileReference; fileEncoding = 4; lastKnownFileType = sourcecode.swift; path = FriendRequestTableViewCell.swift; sourceTree = "<group>"; };
		F02639FB1CC8451F00C2A9FF /* SearchTableViewController.swift */ = {isa = PBXFileReference; fileEncoding = 4; lastKnownFileType = sourcecode.swift; path = SearchTableViewController.swift; sourceTree = "<group>"; };
		F055CEDB1CC9973C009D798A /* UserProfileViewController.swift */ = {isa = PBXFileReference; fileEncoding = 4; lastKnownFileType = sourcecode.swift; path = UserProfileViewController.swift; sourceTree = "<group>"; };
		F0572ACE1D19645C00105827 /* raleigh.gpx */ = {isa = PBXFileReference; fileEncoding = 4; lastKnownFileType = text.xml; path = raleigh.gpx; sourceTree = "<group>"; };
		F0572AD01D19653500105827 /* raleigh_skyline.jpg */ = {isa = PBXFileReference; lastKnownFileType = image.jpeg; path = raleigh_skyline.jpg; sourceTree = "<group>"; };
		F05911171CE63C6000C80AA5 /* TestLocations.gpx */ = {isa = PBXFileReference; fileEncoding = 4; lastKnownFileType = text; path = TestLocations.gpx; sourceTree = "<group>"; };
		F05911191CE64C7E00C80AA5 /* notbigeasy.gpx */ = {isa = PBXFileReference; fileEncoding = 4; lastKnownFileType = text; path = notbigeasy.gpx; sourceTree = "<group>"; };
		F05A8B811CCA806A00995111 /* BarSearchViewController.swift */ = {isa = PBXFileReference; fileEncoding = 4; lastKnownFileType = sourcecode.swift; path = BarSearchViewController.swift; sourceTree = "<group>"; };
		F06C32F51CC8115700F0A90C /* FriendsTableViewController.swift */ = {isa = PBXFileReference; fileEncoding = 4; lastKnownFileType = sourcecode.swift; path = FriendsTableViewController.swift; sourceTree = "<group>"; };
		F07C65681CC9C298002517B5 /* MapViewController.swift */ = {isa = PBXFileReference; fileEncoding = 4; lastKnownFileType = sourcecode.swift; path = MapViewController.swift; sourceTree = "<group>"; };
		F08338ED1D12E5EE00B90D8D /* Badge.swift */ = {isa = PBXFileReference; fileEncoding = 4; lastKnownFileType = sourcecode.swift; path = Badge.swift; sourceTree = "<group>"; };
		F0934E1B1CDE194700E9F51D /* AppleMapViewController.swift */ = {isa = PBXFileReference; fileEncoding = 4; lastKnownFileType = sourcecode.swift; path = AppleMapViewController.swift; sourceTree = "<group>"; };
		F0934E1D1CDE1AFD00E9F51D /* BarAnnotation.swift */ = {isa = PBXFileReference; fileEncoding = 4; lastKnownFileType = sourcecode.swift; path = BarAnnotation.swift; sourceTree = "<group>"; };
		F09E5C371CC5641D00474096 /* UserSettingsViewController.swift */ = {isa = PBXFileReference; fileEncoding = 4; lastKnownFileType = sourcecode.swift; path = UserSettingsViewController.swift; sourceTree = "<group>"; };
		F09E5C3B1CC5931E00474096 /* ProfileViewController.swift */ = {isa = PBXFileReference; fileEncoding = 4; lastKnownFileType = sourcecode.swift; path = ProfileViewController.swift; sourceTree = "<group>"; };
		F0A1A0531D10956000FB570E /* Dallas.gpx */ = {isa = PBXFileReference; fileEncoding = 4; lastKnownFileType = text.xml; path = Dallas.gpx; sourceTree = "<group>"; };
		F0A3BAEC1D0768BF00AC7830 /* FlickrServices.swift */ = {isa = PBXFileReference; fileEncoding = 4; lastKnownFileType = sourcecode.swift; path = FlickrServices.swift; sourceTree = "<group>"; };
		F0AAD50E1D11E6B000F23AAA /* Utilities.swift */ = {isa = PBXFileReference; fileEncoding = 4; lastKnownFileType = sourcecode.swift; path = Utilities.swift; sourceTree = "<group>"; };
		F0AAD5101D11E6FA00F23AAA /* Structs.swift */ = {isa = PBXFileReference; fileEncoding = 4; lastKnownFileType = sourcecode.swift; path = Structs.swift; sourceTree = "<group>"; };
		F0AAD5121D11E71100F23AAA /* Enums.swift */ = {isa = PBXFileReference; fileEncoding = 4; lastKnownFileType = sourcecode.swift; path = Enums.swift; sourceTree = "<group>"; };
		F0B8D1D51CF5414A007D6648 /* avenu-dallas.jpg */ = {isa = PBXFileReference; lastKnownFileType = image.jpeg; path = "avenu-dallas.jpg"; sourceTree = "<group>"; };
		F0B8D1D71CF54159007D6648 /* iCarousel-Bridging-Header.h */ = {isa = PBXFileReference; fileEncoding = 4; lastKnownFileType = sourcecode.c.h; path = "iCarousel-Bridging-Header.h"; sourceTree = "<group>"; };
		F0B8D1D81CF54159007D6648 /* iCarousel.h */ = {isa = PBXFileReference; fileEncoding = 4; lastKnownFileType = sourcecode.c.h; path = iCarousel.h; sourceTree = "<group>"; };
		F0B8D1D91CF54159007D6648 /* iCarousel.m */ = {isa = PBXFileReference; fileEncoding = 4; lastKnownFileType = sourcecode.c.objc; path = iCarousel.m; sourceTree = "<group>"; };
		F0BB70B81D103D01002A99AE /* Add User Male Filled-25.png */ = {isa = PBXFileReference; lastKnownFileType = image.png; path = "Add User Male Filled-25.png"; sourceTree = "<group>"; };
		F0BB70BA1D105486002A99AE /* Contacts Filled.svg */ = {isa = PBXFileReference; fileEncoding = 4; lastKnownFileType = text; path = "Contacts Filled.svg"; sourceTree = "<group>"; };
		F0BB70BC1D1054A6002A99AE /* Contacts Filled-25.png */ = {isa = PBXFileReference; lastKnownFileType = image.png; path = "Contacts Filled-25.png"; sourceTree = "<group>"; };
		F0F86D871D24B0C8002E044D /* FirebaseAPI.swift */ = {isa = PBXFileReference; fileEncoding = 4; lastKnownFileType = sourcecode.swift; path = FirebaseAPI.swift; sourceTree = "<group>"; };
		F0F86D8A1D24B1E6002E044D /* User.swift */ = {isa = PBXFileReference; fileEncoding = 4; lastKnownFileType = sourcecode.swift; path = User.swift; sourceTree = "<group>"; };
		F0F86D8C1D24B571002E044D /* Bar.swift */ = {isa = PBXFileReference; fileEncoding = 4; lastKnownFileType = sourcecode.swift; path = Bar.swift; sourceTree = "<group>"; };
		F0FDD9621CF72B9800E9DF8C /* DatePickerDialog.swift */ = {isa = PBXFileReference; fileEncoding = 4; lastKnownFileType = sourcecode.swift; path = DatePickerDialog.swift; sourceTree = "<group>"; };
		F0FDD9641CF731B700E9DF8C /* GoogleService-Info.plist */ = {isa = PBXFileReference; fileEncoding = 4; lastKnownFileType = text.plist.xml; name = "GoogleService-Info.plist"; path = "../GoogleService-Info.plist"; sourceTree = "<group>"; };
/* End PBXFileReference section */

/* Begin PBXFrameworksBuildPhase section */
		F014BBD91CAC7CBB00BCBEC2 /* Frameworks */ = {
			isa = PBXFrameworksBuildPhase;
			buildActionMask = 2147483647;
			files = (
				C4798CE22AAD78090A37D178 /* Pods_Moon.framework in Frameworks */,
			);
			runOnlyForDeploymentPostprocessing = 0;
		};
/* End PBXFrameworksBuildPhase section */

/* Begin PBXGroup section */
		156BE1EB2231919D400A588B /* Pods */ = {
			isa = PBXGroup;
			children = (
				784D6390B1FEF0320A2E2857 /* Pods-Moon.debug.xcconfig */,
				8594EE623BFE0094FBAC5A7D /* Pods-Moon.release.xcconfig */,
			);
			name = Pods;
			sourceTree = "<group>";
		};
		A26E3EC8585C5DDBB2EB905E /* Frameworks */ = {
			isa = PBXGroup;
			children = (
				806581BF23DE4DF8B2118160 /* Pods_Moon.framework */,
			);
			name = Frameworks;
			sourceTree = "<group>";
		};
		C00EFF521CF42C16009F59B5 /* iCarousel */ = {
			isa = PBXGroup;
			children = (
				F0B8D1D71CF54159007D6648 /* iCarousel-Bridging-Header.h */,
				F0B8D1D81CF54159007D6648 /* iCarousel.h */,
				F0B8D1D91CF54159007D6648 /* iCarousel.m */,
			);
			name = iCarousel;
			sourceTree = "<group>";
		};
		C0515CF91CEABD060081B8AD /* Images */ = {
			isa = PBXGroup;
			children = (
				C0FBF4AC1D342F30004DBB5B /* default_pic.png */,
				C0FBF4A61D25E44E004DBB5B /* beer_icon.png */,
				C0FBF4A81D25E455004DBB5B /* martini_icon.png */,
				C0FBF4A41D25E44B004DBB5B /* wine_icon.png */,
				C0073C781D163C7E00CF3AC6 /* red_map_pin.png */,
				C0073C761D163B2000CF3AC6 /* yellow_map_pin.png */,
				C0073C741D16380D00CF3AC6 /* green_map_pin.png */,
				F0BB70BA1D105486002A99AE /* Contacts Filled.svg */,
				F0BB70BC1D1054A6002A99AE /* Contacts Filled-25.png */,
				F0BB70B81D103D01002A99AE /* Add User Male Filled-25.png */,
				C008F9981D07F50000A683DF /* Moon_Title_3.png */,
				C008F9961D07F47B00A683DF /* Moon_Title_2.png */,
				C008F9941D07F38300A683DF /* Moon_Title.png */,
				F0B8D1D51CF5414A007D6648 /* avenu-dallas.jpg */,
				C0327D9B1CEC05FA0014E382 /* bar_background_750x1350.png */,
				C0327D9D1CEC06000014E382 /* dallas_skyline.jpeg */,
				F0572AD01D19653500105827 /* raleigh_skyline.jpg */,
			);
			name = Images;
			sourceTree = "<group>";
		};
		C094528E1D45217700BD3A08 /* Designs */ = {
			isa = PBXGroup;
			children = (
				C09452A21D45662A00BD3A08 /* Sign Up View Designs */,
				C09452A11D4565FE00BD3A08 /* Login View Designs */,
			);
			name = Designs;
			sourceTree = "<group>";
		};
		C09452A11D4565FE00BD3A08 /* Login View Designs */ = {
			isa = PBXGroup;
			children = (
				C09452911D45242B00BD3A08 /* Logo.png */,
				C094529F1D45492500BD3A08 /* OR_icon.png */,
				C09452951D4526C400BD3A08 /* Login_button.png */,
				C094529D1D452EB400BD3A08 /* Google_button.png */,
				C09452991D452C2800BD3A08 /* bottom_base.png */,
				C094529B1D452D0F00BD3A08 /* SignUp_button.png */,
				C094528F1D45219800BD3A08 /* Login Screen.jpg */,
				C09452971D452A6500BD3A08 /* EmailPassword_field.png */,
				C09452931D45255800BD3A08 /* FB_button.png */,
			);
			name = "Login View Designs";
			sourceTree = "<group>";
		};
		C09452A21D45662A00BD3A08 /* Sign Up View Designs */ = {
			isa = PBXGroup;
			children = (
				C09452A51D45675500BD3A08 /* topBar_base.png */,
				C09452AF1D4572AD00BD3A08 /* SignUp_Background2.png */,
				C09452A31D45665F00BD3A08 /* Sign Up.jpg */,
				C09452AB1D4567EF00BD3A08 /* bottom_base_2.png */,
				C09452A71D45677600BD3A08 /* SignUp_button_2.png */,
				C09452A91D45677F00BD3A08 /* UsernamePassword_base.png */,
			);
			name = "Sign Up View Designs";
			sourceTree = "<group>";
		};
		F0047E831CDBAF6200B37DB4 /* Activity Tab */ = {
			isa = PBXGroup;
			children = (
				F0047E861CDBD47200B37DB4 /* BarFeedTableViewController.swift */,
				F0047E841CDBBE6200B37DB4 /* BarActivityTableViewCell.swift */,
			);
			name = "Activity Tab";
			sourceTree = "<group>";
		};
		F014BBD31CAC7CBB00BCBEC2 = {
			isa = PBXGroup;
			children = (
				F014BBDE1CAC7CBB00BCBEC2 /* Moon */,
				F014BBDD1CAC7CBB00BCBEC2 /* Products */,
				156BE1EB2231919D400A588B /* Pods */,
				A26E3EC8585C5DDBB2EB905E /* Frameworks */,
			);
			sourceTree = "<group>";
		};
		F014BBDD1CAC7CBB00BCBEC2 /* Products */ = {
			isa = PBXGroup;
			children = (
				F014BBDC1CAC7CBB00BCBEC2 /* Moon.app */,
			);
			name = Products;
			sourceTree = "<group>";
		};
		F014BBDE1CAC7CBB00BCBEC2 /* Moon */ = {
			isa = PBXGroup;
			children = (
				F014BBE31CAC7CBC00BCBEC2 /* Main.storyboard */,
				F014BBF41CAC8BAE00BCBEC2 /* LogInViewController.swift */,
				F014BBF61CAC8BBC00BCBEC2 /* CreateAccountViewController.swift */,
				C094528E1D45217700BD3A08 /* Designs */,
				F0AAD5141D11EB4500F23AAA /* SUE */,
				C00EFF521CF42C16009F59B5 /* iCarousel */,
				F0E792FE1CD1902400C25F56 /* Profile Tab */,
				F0E793011CD1910C00C25F56 /* Map Tab */,
				F0047E831CDBAF6200B37DB4 /* Activity Tab */,
				F0E793001CD190DD00C25F56 /* Specials Tab */,
				F0E792FF1CD190AC00C25F56 /* User Search Tab */,
				F014BBF11CAC7D3200BCBEC2 /* Supporting Files */,
				C0515CF91CEABD060081B8AD /* Images */,
				F0C687841CE3712600944D1E /* Junk */,
			);
			path = Moon;
			sourceTree = "<group>";
		};
		F014BBF11CAC7D3200BCBEC2 /* Supporting Files */ = {
			isa = PBXGroup;
			children = (
				F08338ED1D12E5EE00B90D8D /* Badge.swift */,
				F014BBF21CAC852200BCBEC2 /* BaseService.swift */,
				F0FDD9641CF731B700E9DF8C /* GoogleService-Info.plist */,
				F0572ACE1D19645C00105827 /* raleigh.gpx */,
				F0A1A0531D10956000FB570E /* Dallas.gpx */,
				F05911171CE63C6000C80AA5 /* TestLocations.gpx */,
				F05911191CE64C7E00C80AA5 /* notbigeasy.gpx */,
				F0A3BAEC1D0768BF00AC7830 /* FlickrServices.swift */,
				F0FDD9621CF72B9800E9DF8C /* DatePickerDialog.swift */,
				F014BBEB1CAC7CBC00BCBEC2 /* Info.plist */,
				F014BBDF1CAC7CBB00BCBEC2 /* AppDelegate.swift */,
				F014BBE61CAC7CBC00BCBEC2 /* Assets.xcassets */,
				F014BBE81CAC7CBC00BCBEC2 /* LaunchScreen.storyboard */,
			);
			name = "Supporting Files";
			sourceTree = "<group>";
		};
		F0AAD5141D11EB4500F23AAA /* SUE */ = {
			isa = PBXGroup;
			children = (
				F0AAD5101D11E6FA00F23AAA /* Structs.swift */,
				F0AAD50E1D11E6B000F23AAA /* Utilities.swift */,
				F0AAD5121D11E71100F23AAA /* Enums.swift */,
			);
			name = SUE;
			sourceTree = "<group>";
		};
		F0C687841CE3712600944D1E /* Junk */ = {
			isa = PBXGroup;
			children = (
				F0F86D891D24B184002E044D /* Models */,
				F0F86D861D24B056002E044D /* Services */,
				F0F86D851D24B03C002E044D /* Scenes */,
				F07C65681CC9C298002517B5 /* MapViewController.swift */,
			);
			name = Junk;
			sourceTree = "<group>";
		};
		F0E792FE1CD1902400C25F56 /* Profile Tab */ = {
			isa = PBXGroup;
			children = (
				F09E5C3B1CC5931E00474096 /* ProfileViewController.swift */,
				F09E5C371CC5641D00474096 /* UserSettingsViewController.swift */,
				F06C32F51CC8115700F0A90C /* FriendsTableViewController.swift */,
			);
			name = "Profile Tab";
			sourceTree = "<group>";
		};
		F0E792FF1CD190AC00C25F56 /* User Search Tab */ = {
			isa = PBXGroup;
			children = (
				F02639FB1CC8451F00C2A9FF /* SearchTableViewController.swift */,
				F017793F1CEC06E5008FA5A5 /* FriendRequestTableViewCell.swift */,
				F055CEDB1CC9973C009D798A /* UserProfileViewController.swift */,
			);
			name = "User Search Tab";
			sourceTree = "<group>";
		};
		F0E793001CD190DD00C25F56 /* Specials Tab */ = {
			isa = PBXGroup;
			children = (
				F05A8B811CCA806A00995111 /* BarSearchViewController.swift */,
				F002D4D61CCABCA9002552DD /* BarProfileViewController.swift */,
			);
			name = "Specials Tab";
			sourceTree = "<group>";
		};
		F0E793011CD1910C00C25F56 /* Map Tab */ = {
			isa = PBXGroup;
			children = (
				F0934E1D1CDE1AFD00E9F51D /* BarAnnotation.swift */,
				F0934E1B1CDE194700E9F51D /* AppleMapViewController.swift */,
			);
			name = "Map Tab";
			sourceTree = "<group>";
		};
		F0F86D851D24B03C002E044D /* Scenes */ = {
			isa = PBXGroup;
			children = (
			);
			name = Scenes;
			sourceTree = "<group>";
		};
		F0F86D861D24B056002E044D /* Services */ = {
			isa = PBXGroup;
			children = (
				F0F86D871D24B0C8002E044D /* FirebaseAPI.swift */,
			);
			name = Services;
			sourceTree = "<group>";
		};
		F0F86D891D24B184002E044D /* Models */ = {
			isa = PBXGroup;
			children = (
				F0F86D8A1D24B1E6002E044D /* User.swift */,
				F0F86D8C1D24B571002E044D /* Bar.swift */,
			);
			name = Models;
			sourceTree = "<group>";
		};
/* End PBXGroup section */

/* Begin PBXNativeTarget section */
		F014BBDB1CAC7CBB00BCBEC2 /* Moon */ = {
			isa = PBXNativeTarget;
			buildConfigurationList = F014BBEE1CAC7CBC00BCBEC2 /* Build configuration list for PBXNativeTarget "Moon" */;
			buildPhases = (
				2636EF053AAF17E68AFA717D /* Check Pods Manifest.lock */,
				F014BBD81CAC7CBB00BCBEC2 /* Sources */,
				F014BBD91CAC7CBB00BCBEC2 /* Frameworks */,
				F014BBDA1CAC7CBB00BCBEC2 /* Resources */,
				CDF37AC67981DA52F4367B54 /* Embed Pods Frameworks */,
				3201DC78A27830D7D816597B /* Copy Pods Resources */,
			);
			buildRules = (
			);
			dependencies = (
			);
			name = Moon;
			productName = Moon;
			productReference = F014BBDC1CAC7CBB00BCBEC2 /* Moon.app */;
			productType = "com.apple.product-type.application";
		};
/* End PBXNativeTarget section */

/* Begin PBXProject section */
		F014BBD41CAC7CBB00BCBEC2 /* Project object */ = {
			isa = PBXProject;
			attributes = {
				LastSwiftUpdateCheck = 0720;
				LastUpgradeCheck = 0720;
				ORGANIZATIONNAME = "Evan Noble";
				TargetAttributes = {
					F014BBDB1CAC7CBB00BCBEC2 = {
						CreatedOnToolsVersion = 7.2.1;
						DevelopmentTeam = P4Q24DN7SQ;
					};
				};
			};
			buildConfigurationList = F014BBD71CAC7CBB00BCBEC2 /* Build configuration list for PBXProject "Moon" */;
			compatibilityVersion = "Xcode 3.2";
			developmentRegion = English;
			hasScannedForEncodings = 0;
			knownRegions = (
				en,
				Base,
			);
			mainGroup = F014BBD31CAC7CBB00BCBEC2;
			productRefGroup = F014BBDD1CAC7CBB00BCBEC2 /* Products */;
			projectDirPath = "";
			projectRoot = "";
			targets = (
				F014BBDB1CAC7CBB00BCBEC2 /* Moon */,
			);
		};
/* End PBXProject section */

/* Begin PBXResourcesBuildPhase section */
		F014BBDA1CAC7CBB00BCBEC2 /* Resources */ = {
			isa = PBXResourcesBuildPhase;
			buildActionMask = 2147483647;
			files = (
				C0073C791D163C7E00CF3AC6 /* red_map_pin.png in Resources */,
				C094529A1D452C2800BD3A08 /* bottom_base.png in Resources */,
				C008F9951D07F38300A683DF /* Moon_Title.png in Resources */,
				C0FBF4A71D25E44E004DBB5B /* beer_icon.png in Resources */,
				F0A1A0541D10956000FB570E /* Dallas.gpx in Resources */,
				C0FBF4AD1D342F30004DBB5B /* default_pic.png in Resources */,
				F014BBE71CAC7CBC00BCBEC2 /* Assets.xcassets in Resources */,
				C0073C771D163B2000CF3AC6 /* yellow_map_pin.png in Resources */,
				F0572AD11D19653500105827 /* raleigh_skyline.jpg in Resources */,
				C09452A01D45492500BD3A08 /* OR_icon.png in Resources */,
				C09452A81D45677600BD3A08 /* SignUp_button_2.png in Resources */,
				C0FBF4A51D25E44B004DBB5B /* wine_icon.png in Resources */,
				F0B8D1D61CF5414A007D6648 /* avenu-dallas.jpg in Resources */,
				F0BB70B91D103D01002A99AE /* Add User Male Filled-25.png in Resources */,
				C0FBF4A91D25E455004DBB5B /* martini_icon.png in Resources */,
				C094529C1D452D0F00BD3A08 /* SignUp_button.png in Resources */,
				C09452921D45242B00BD3A08 /* Logo.png in Resources */,
				C09452A41D45665F00BD3A08 /* Sign Up.jpg in Resources */,
				C0327D9E1CEC06000014E382 /* dallas_skyline.jpeg in Resources */,
				C0073C751D16380D00CF3AC6 /* green_map_pin.png in Resources */,
				C09452AC1D4567EF00BD3A08 /* bottom_base_2.png in Resources */,
				F0BB70BD1D1054A6002A99AE /* Contacts Filled-25.png in Resources */,
				C09452981D452A6500BD3A08 /* EmailPassword_field.png in Resources */,
				C008F9991D07F50000A683DF /* Moon_Title_3.png in Resources */,
				C09452A61D45675500BD3A08 /* topBar_base.png in Resources */,
				C09452961D4526C400BD3A08 /* Login_button.png in Resources */,
				C09452B01D4572AD00BD3A08 /* SignUp_Background2.png in Resources */,
				C09452AA1D45677F00BD3A08 /* UsernamePassword_base.png in Resources */,
				C09452941D45255800BD3A08 /* FB_button.png in Resources */,
				C094529E1D452EB400BD3A08 /* Google_button.png in Resources */,
				F0572ACF1D19645C00105827 /* raleigh.gpx in Resources */,
				C0327D9C1CEC05FA0014E382 /* bar_background_750x1350.png in Resources */,
				F0BB70BB1D105486002A99AE /* Contacts Filled.svg in Resources */,
				C09452901D45219800BD3A08 /* Login Screen.jpg in Resources */,
				C008F9971D07F47B00A683DF /* Moon_Title_2.png in Resources */,
				F014BBE51CAC7CBC00BCBEC2 /* Main.storyboard in Resources */,
				F0FDD9651CF731B700E9DF8C /* GoogleService-Info.plist in Resources */,
			);
			runOnlyForDeploymentPostprocessing = 0;
		};
/* End PBXResourcesBuildPhase section */

/* Begin PBXShellScriptBuildPhase section */
		2636EF053AAF17E68AFA717D /* Check Pods Manifest.lock */ = {
			isa = PBXShellScriptBuildPhase;
			buildActionMask = 2147483647;
			files = (
			);
			inputPaths = (
			);
			name = "Check Pods Manifest.lock";
			outputPaths = (
			);
			runOnlyForDeploymentPostprocessing = 0;
			shellPath = /bin/sh;
			shellScript = "diff \"${PODS_ROOT}/../Podfile.lock\" \"${PODS_ROOT}/Manifest.lock\" > /dev/null\nif [[ $? != 0 ]] ; then\n    cat << EOM\nerror: The sandbox is not in sync with the Podfile.lock. Run 'pod install' or update your CocoaPods installation.\nEOM\n    exit 1\nfi\n";
			showEnvVarsInLog = 0;
		};
		3201DC78A27830D7D816597B /* Copy Pods Resources */ = {
			isa = PBXShellScriptBuildPhase;
			buildActionMask = 2147483647;
			files = (
			);
			inputPaths = (
			);
			name = "Copy Pods Resources";
			outputPaths = (
			);
			runOnlyForDeploymentPostprocessing = 0;
			shellPath = /bin/sh;
			shellScript = "\"${SRCROOT}/Pods/Target Support Files/Pods-Moon/Pods-Moon-resources.sh\"\n";
			showEnvVarsInLog = 0;
		};
		CDF37AC67981DA52F4367B54 /* Embed Pods Frameworks */ = {
			isa = PBXShellScriptBuildPhase;
			buildActionMask = 2147483647;
			files = (
			);
			inputPaths = (
			);
			name = "Embed Pods Frameworks";
			outputPaths = (
			);
			runOnlyForDeploymentPostprocessing = 0;
			shellPath = /bin/sh;
			shellScript = "\"${SRCROOT}/Pods/Target Support Files/Pods-Moon/Pods-Moon-frameworks.sh\"\n";
			showEnvVarsInLog = 0;
		};
/* End PBXShellScriptBuildPhase section */

/* Begin PBXSourcesBuildPhase section */
		F014BBD81CAC7CBB00BCBEC2 /* Sources */ = {
			isa = PBXSourcesBuildPhase;
			buildActionMask = 2147483647;
			files = (
				F0AAD5111D11E6FA00F23AAA /* Structs.swift in Sources */,
				F0F86D8D1D24B571002E044D /* Bar.swift in Sources */,
				F0AAD5131D11E71100F23AAA /* Enums.swift in Sources */,
				F07C65691CC9C298002517B5 /* MapViewController.swift in Sources */,
				F0F86D881D24B0C8002E044D /* FirebaseAPI.swift in Sources */,
				F09E5C3C1CC5931E00474096 /* ProfileViewController.swift in Sources */,
				F0F86D8B1D24B1E6002E044D /* User.swift in Sources */,
				F014BBF71CAC8BBC00BCBEC2 /* CreateAccountViewController.swift in Sources */,
				F05A8B821CCA806A00995111 /* BarSearchViewController.swift in Sources */,
				F01779401CEC06E5008FA5A5 /* FriendRequestTableViewCell.swift in Sources */,
				F09E5C381CC5641D00474096 /* UserSettingsViewController.swift in Sources */,
				F014BBE01CAC7CBB00BCBEC2 /* AppDelegate.swift in Sources */,
				F014BBF31CAC852200BCBEC2 /* BaseService.swift in Sources */,
				F06C32F61CC8115700F0A90C /* FriendsTableViewController.swift in Sources */,
				F0FDD9631CF72B9800E9DF8C /* DatePickerDialog.swift in Sources */,
				F0934E1C1CDE194700E9F51D /* AppleMapViewController.swift in Sources */,
				F0AAD50F1D11E6B000F23AAA /* Utilities.swift in Sources */,
				F0047E871CDBD47200B37DB4 /* BarFeedTableViewController.swift in Sources */,
				F0B8D1DA1CF54159007D6648 /* iCarousel.m in Sources */,
				F0047E851CDBBE6200B37DB4 /* BarActivityTableViewCell.swift in Sources */,
				F014BBF51CAC8BAE00BCBEC2 /* LogInViewController.swift in Sources */,
				F0A3BAED1D0768BF00AC7830 /* FlickrServices.swift in Sources */,
				F002786E1CE7715D00DECEC0 /* (null) in Sources */,
				F055CEDC1CC9973C009D798A /* UserProfileViewController.swift in Sources */,
				F08338EE1D12E5EE00B90D8D /* Badge.swift in Sources */,
				F002D4D71CCABCA9002552DD /* BarProfileViewController.swift in Sources */,
				F0934E1E1CDE1AFD00E9F51D /* BarAnnotation.swift in Sources */,
				F02639FC1CC8451F00C2A9FF /* SearchTableViewController.swift in Sources */,
			);
			runOnlyForDeploymentPostprocessing = 0;
		};
/* End PBXSourcesBuildPhase section */

/* Begin PBXVariantGroup section */
		F014BBE31CAC7CBC00BCBEC2 /* Main.storyboard */ = {
			isa = PBXVariantGroup;
			children = (
				F014BBE41CAC7CBC00BCBEC2 /* Base */,
			);
			name = Main.storyboard;
			sourceTree = "<group>";
		};
		F014BBE81CAC7CBC00BCBEC2 /* LaunchScreen.storyboard */ = {
			isa = PBXVariantGroup;
			children = (
				F014BBE91CAC7CBC00BCBEC2 /* Base */,
			);
			name = LaunchScreen.storyboard;
			sourceTree = "<group>";
		};
/* End PBXVariantGroup section */

/* Begin XCBuildConfiguration section */
		F014BBEC1CAC7CBC00BCBEC2 /* Debug */ = {
			isa = XCBuildConfiguration;
			buildSettings = {
				ALWAYS_SEARCH_USER_PATHS = NO;
				CLANG_CXX_LANGUAGE_STANDARD = "gnu++0x";
				CLANG_CXX_LIBRARY = "libc++";
				CLANG_ENABLE_MODULES = YES;
				CLANG_ENABLE_OBJC_ARC = YES;
				CLANG_WARN_BOOL_CONVERSION = YES;
				CLANG_WARN_CONSTANT_CONVERSION = YES;
				CLANG_WARN_DIRECT_OBJC_ISA_USAGE = YES_ERROR;
				CLANG_WARN_EMPTY_BODY = YES;
				CLANG_WARN_ENUM_CONVERSION = YES;
				CLANG_WARN_INT_CONVERSION = YES;
				CLANG_WARN_OBJC_ROOT_CLASS = YES_ERROR;
				CLANG_WARN_UNREACHABLE_CODE = YES;
				CLANG_WARN__DUPLICATE_METHOD_MATCH = YES;
				"CODE_SIGN_IDENTITY[sdk=iphoneos*]" = "iPhone Developer";
				COPY_PHASE_STRIP = NO;
				DEBUG_INFORMATION_FORMAT = dwarf;
				ENABLE_STRICT_OBJC_MSGSEND = YES;
				ENABLE_TESTABILITY = YES;
				GCC_C_LANGUAGE_STANDARD = gnu99;
				GCC_DYNAMIC_NO_PIC = NO;
				GCC_NO_COMMON_BLOCKS = YES;
				GCC_OPTIMIZATION_LEVEL = 0;
				GCC_PREPROCESSOR_DEFINITIONS = (
					"DEBUG=1",
					"$(inherited)",
				);
				GCC_WARN_64_TO_32_BIT_CONVERSION = YES;
				GCC_WARN_ABOUT_RETURN_TYPE = YES_ERROR;
				GCC_WARN_UNDECLARED_SELECTOR = YES;
				GCC_WARN_UNINITIALIZED_AUTOS = YES_AGGRESSIVE;
				GCC_WARN_UNUSED_FUNCTION = YES;
				GCC_WARN_UNUSED_VARIABLE = YES;
				IPHONEOS_DEPLOYMENT_TARGET = 9.2;
				MTL_ENABLE_DEBUG_INFO = YES;
				ONLY_ACTIVE_ARCH = YES;
				SDKROOT = iphoneos;
				SWIFT_OPTIMIZATION_LEVEL = "-Onone";
			};
			name = Debug;
		};
		F014BBED1CAC7CBC00BCBEC2 /* Release */ = {
			isa = XCBuildConfiguration;
			buildSettings = {
				ALWAYS_SEARCH_USER_PATHS = NO;
				CLANG_CXX_LANGUAGE_STANDARD = "gnu++0x";
				CLANG_CXX_LIBRARY = "libc++";
				CLANG_ENABLE_MODULES = YES;
				CLANG_ENABLE_OBJC_ARC = YES;
				CLANG_WARN_BOOL_CONVERSION = YES;
				CLANG_WARN_CONSTANT_CONVERSION = YES;
				CLANG_WARN_DIRECT_OBJC_ISA_USAGE = YES_ERROR;
				CLANG_WARN_EMPTY_BODY = YES;
				CLANG_WARN_ENUM_CONVERSION = YES;
				CLANG_WARN_INT_CONVERSION = YES;
				CLANG_WARN_OBJC_ROOT_CLASS = YES_ERROR;
				CLANG_WARN_UNREACHABLE_CODE = YES;
				CLANG_WARN__DUPLICATE_METHOD_MATCH = YES;
				"CODE_SIGN_IDENTITY[sdk=iphoneos*]" = "iPhone Developer";
				COPY_PHASE_STRIP = NO;
				DEBUG_INFORMATION_FORMAT = "dwarf-with-dsym";
				ENABLE_NS_ASSERTIONS = NO;
				ENABLE_STRICT_OBJC_MSGSEND = YES;
				GCC_C_LANGUAGE_STANDARD = gnu99;
				GCC_NO_COMMON_BLOCKS = YES;
				GCC_WARN_64_TO_32_BIT_CONVERSION = YES;
				GCC_WARN_ABOUT_RETURN_TYPE = YES_ERROR;
				GCC_WARN_UNDECLARED_SELECTOR = YES;
				GCC_WARN_UNINITIALIZED_AUTOS = YES_AGGRESSIVE;
				GCC_WARN_UNUSED_FUNCTION = YES;
				GCC_WARN_UNUSED_VARIABLE = YES;
				IPHONEOS_DEPLOYMENT_TARGET = 9.2;
				MTL_ENABLE_DEBUG_INFO = NO;
				SDKROOT = iphoneos;
				VALIDATE_PRODUCT = YES;
			};
			name = Release;
		};
		F014BBEF1CAC7CBC00BCBEC2 /* Debug */ = {
			isa = XCBuildConfiguration;
			baseConfigurationReference = 784D6390B1FEF0320A2E2857 /* Pods-Moon.debug.xcconfig */;
			buildSettings = {
				ASSETCATALOG_COMPILER_APPICON_NAME = AppIcon;
				ASSETCATALOG_COMPILER_LAUNCHIMAGE_NAME = LaunchImage;
				CODE_SIGN_IDENTITY = "iPhone Distribution";
				"CODE_SIGN_IDENTITY[sdk=iphoneos*]" = "iPhone Distribution";
				INFOPLIST_FILE = Moon/Info.plist;
				IPHONEOS_DEPLOYMENT_TARGET = 9.0;
				LD_RUNPATH_SEARCH_PATHS = "$(inherited) @executable_path/Frameworks";
				PRODUCT_BUNDLE_IDENTIFIER = com.NobleLeyva.Moon;
				PRODUCT_NAME = "$(TARGET_NAME)";
				PROVISIONING_PROFILE = "";
				SWIFT_OBJC_BRIDGING_HEADER = "/Users/Gabriel/Desktop/MoonFire/Moon/iCarousel-Bridging-Header.h";
				SWIFT_OBJC_INTERFACE_HEADER_NAME = "";
			};
			name = Debug;
		};
		F014BBF01CAC7CBC00BCBEC2 /* Release */ = {
			isa = XCBuildConfiguration;
			baseConfigurationReference = 8594EE623BFE0094FBAC5A7D /* Pods-Moon.release.xcconfig */;
			buildSettings = {
				ASSETCATALOG_COMPILER_APPICON_NAME = AppIcon;
				ASSETCATALOG_COMPILER_LAUNCHIMAGE_NAME = LaunchImage;
				CODE_SIGN_IDENTITY = "iPhone Distribution";
				"CODE_SIGN_IDENTITY[sdk=iphoneos*]" = "iPhone Distribution";
				INFOPLIST_FILE = Moon/Info.plist;
				IPHONEOS_DEPLOYMENT_TARGET = 9.0;
				LD_RUNPATH_SEARCH_PATHS = "$(inherited) @executable_path/Frameworks";
				PRODUCT_BUNDLE_IDENTIFIER = com.NobleLeyva.Moon;
				PRODUCT_NAME = "$(TARGET_NAME)";
				PROVISIONING_PROFILE = "";
				SWIFT_OBJC_BRIDGING_HEADER = "/Users/Gabriel/Desktop/MoonFire/Moon/iCarousel-Bridging-Header.h";
				SWIFT_OBJC_INTERFACE_HEADER_NAME = "";
			};
			name = Release;
		};
/* End XCBuildConfiguration section */

/* Begin XCConfigurationList section */
		F014BBD71CAC7CBB00BCBEC2 /* Build configuration list for PBXProject "Moon" */ = {
			isa = XCConfigurationList;
			buildConfigurations = (
				F014BBEC1CAC7CBC00BCBEC2 /* Debug */,
				F014BBED1CAC7CBC00BCBEC2 /* Release */,
			);
			defaultConfigurationIsVisible = 0;
			defaultConfigurationName = Release;
		};
		F014BBEE1CAC7CBC00BCBEC2 /* Build configuration list for PBXNativeTarget "Moon" */ = {
			isa = XCConfigurationList;
			buildConfigurations = (
				F014BBEF1CAC7CBC00BCBEC2 /* Debug */,
				F014BBF01CAC7CBC00BCBEC2 /* Release */,
			);
			defaultConfigurationIsVisible = 0;
			defaultConfigurationName = Release;
		};
/* End XCConfigurationList section */
	};
	rootObject = F014BBD41CAC7CBB00BCBEC2 /* Project object */;
}
